<?xml version="1.0" encoding="utf-8"?>
<Project ToolsVersion="4.0" xmlns="http://schemas.microsoft.com/developer/msbuild/2003">
  <ItemGroup>
    <Filter Include="Source Files">
      <UniqueIdentifier>{4FC737F1-C7A5-4376-A066-2A32D752A2FF}</UniqueIdentifier>
      <Extensions>cpp;c;cc;cxx;c++;cppm;ixx;def;odl;idl;hpj;bat;asm;asmx</Extensions>
    </Filter>
    <Filter Include="Header Files">
      <UniqueIdentifier>{93995380-89BD-4b04-88EB-625FBE52EBFB}</UniqueIdentifier>
      <Extensions>h;hh;hpp;hxx;h++;hm;inl;inc;ipp;xsd</Extensions>
    </Filter>
    <Filter Include="Resource Files">
      <UniqueIdentifier>{67DA6AB6-F800-4c08-8B7A-83BB121AAD01}</UniqueIdentifier>
      <Extensions>rc;ico;cur;bmp;dlg;rc2;rct;bin;rgs;gif;jpg;jpeg;jpe;resx;tiff;tif;png;wav;mfcribbon-ms</Extensions>
    </Filter>
    <Filter Include="Source Files\cg">
      <UniqueIdentifier>{848bb6d3-e924-4f76-8e6d-986586654483}</UniqueIdentifier>
    </Filter>
    <Filter Include="Source Files\cm">
      <UniqueIdentifier>{3d484054-e757-469a-8490-5d86f117f4c7}</UniqueIdentifier>
    </Filter>
    <Filter Include="Source Files\cmd">
      <UniqueIdentifier>{20aa312d-09ad-416d-88a6-fb9ee829e650}</UniqueIdentifier>
    </Filter>
    <Filter Include="Source Files\com">
      <UniqueIdentifier>{d62f04ae-18fe-497b-8f81-80d3722a72ef}</UniqueIdentifier>
    </Filter>
    <Filter Include="Source Files\fs">
      <UniqueIdentifier>{d2183a1f-3162-4bcd-8d9f-cf58386ab99c}</UniqueIdentifier>
    </Filter>
    <Filter Include="Source Files\mh">
      <UniqueIdentifier>{208853f0-4ffe-42e3-b946-57d876f66543}</UniqueIdentifier>
    </Filter>
    <Filter Include="Source Files\mh\hde">
      <UniqueIdentifier>{372922d9-11c8-4340-bd36-b89f8106adee}</UniqueIdentifier>
    </Filter>
    <Filter Include="Source Files\utils">
      <UniqueIdentifier>{7b66506b-bc96-45b7-ade2-1638a10e13ec}</UniqueIdentifier>
    </Filter>
  </ItemGroup>
  <ItemGroup>
    <ClInclude Include="framework.h">
      <Filter>Header Files</Filter>
    </ClInclude>
    <ClInclude Include="pch.h">
      <Filter>Header Files</Filter>
    </ClInclude>
    <ClInclude Include="cg\cg_init.hpp">
      <Filter>Source Files\cg</Filter>
    </ClInclude>
    <ClInclude Include="cg\cg_local.hpp">
      <Filter>Source Files\cg</Filter>
    </ClInclude>
    <ClInclude Include="cg\cg_offsets.hpp">
      <Filter>Source Files\cg</Filter>
    </ClInclude>
    <ClInclude Include="cg\cg_hooks.hpp">
      <Filter>Source Files\cg</Filter>
    </ClInclude>
    <ClInclude Include="cm\cm_export.hpp">
      <Filter>Source Files\cm</Filter>
    </ClInclude>
    <ClInclude Include="cm\cm_model.hpp">
      <Filter>Source Files\cm</Filter>
    </ClInclude>
    <ClInclude Include="cm\cm_terrain.hpp">
      <Filter>Source Files\cm</Filter>
    </ClInclude>
    <ClInclude Include="cm\cm_typedefs.hpp">
      <Filter>Source Files\cm</Filter>
    </ClInclude>
    <ClInclude Include="cm\cm_brush.hpp">
      <Filter>Source Files\cm</Filter>
    </ClInclude>
    <ClInclude Include="cmd\cmd.hpp">
      <Filter>Source Files\cmd</Filter>
    </ClInclude>
    <ClInclude Include="com\com_vector.hpp">
      <Filter>Source Files\com</Filter>
    </ClInclude>
    <ClInclude Include="fs\fs_globals.hpp">
      <Filter>Source Files\fs</Filter>
    </ClInclude>
    <ClInclude Include="fs\fs_io.hpp">
      <Filter>Source Files\fs</Filter>
    </ClInclude>
    <ClInclude Include="utils\resolution.hpp">
      <Filter>Source Files\utils</Filter>
    </ClInclude>
    <ClInclude Include="utils\typedefs.hpp">
      <Filter>Source Files\utils</Filter>
    </ClInclude>
    <ClInclude Include="utils\engine.hpp">
      <Filter>Source Files\utils</Filter>
    </ClInclude>
    <ClInclude Include="utils\errors.hpp">
      <Filter>Source Files\utils</Filter>
    </ClInclude>
    <ClInclude Include="utils\functions.hpp">
      <Filter>Source Files\utils</Filter>
    </ClInclude>
    <ClInclude Include="utils\hook.hpp">
      <Filter>Source Files\utils</Filter>
    </ClInclude>
  </ItemGroup>
  <ItemGroup>
    <ClCompile Include="dllmain.cpp">
      <Filter>Source Files</Filter>
    </ClCompile>
    <ClCompile Include="pch.cpp">
      <Filter>Source Files</Filter>
    </ClCompile>
    <ClCompile Include="cg\cg_init.cpp">
      <Filter>Source Files\cg</Filter>
    </ClCompile>
    <ClCompile Include="cg\cg_hooks.cpp">
      <Filter>Source Files\cg</Filter>
    </ClCompile>
    <ClCompile Include="cm\cm_export.cpp">
      <Filter>Source Files\cm</Filter>
    </ClCompile>
    <ClCompile Include="cm\cm_model.cpp">
      <Filter>Source Files\cm</Filter>
    </ClCompile>
    <ClCompile Include="cm\cm_terrain.cpp">
      <Filter>Source Files\cm</Filter>
    </ClCompile>
    <ClCompile Include="cm\cm_typedefs.cpp">
      <Filter>Source Files\cm</Filter>
    </ClCompile>
    <ClCompile Include="cm\cm_brush.cpp">
      <Filter>Source Files\cm</Filter>
    </ClCompile>
    <ClCompile Include="cmd\cmd.cpp">
      <Filter>Source Files\cmd</Filter>
    </ClCompile>
    <ClCompile Include="com\com_vector.cpp">
      <Filter>Source Files\com</Filter>
    </ClCompile>
    <ClCompile Include="fs\fs_io.cpp">
      <Filter>Source Files\fs</Filter>
    </ClCompile>
    <ClCompile Include="fs\fs_globals.cpp">
      <Filter>Source Files\fs</Filter>
    </ClCompile>
    <ClCompile Include="mh\hook.c">
      <Filter>Source Files\mh</Filter>
    </ClCompile>
    <ClCompile Include="mh\trampoline.c">
      <Filter>Source Files\mh</Filter>
    </ClCompile>
    <ClCompile Include="mh\buffer.c">
      <Filter>Source Files\mh</Filter>
    </ClCompile>
    <ClCompile Include="mh\hde\hde64.c">
      <Filter>Source Files\mh\hde</Filter>
    </ClCompile>
    <ClCompile Include="mh\hde\hde32.c">
      <Filter>Source Files\mh\hde</Filter>
    </ClCompile>
    <ClCompile Include="utils\resolution.cpp">
      <Filter>Source Files\utils</Filter>
    </ClCompile>
    <ClCompile Include="utils\engine.cpp">
      <Filter>Source Files\utils</Filter>
    </ClCompile>
    <ClCompile Include="utils\functions.cpp">
      <Filter>Source Files\utils</Filter>
    </ClCompile>
  </ItemGroup>
</Project>